
Microsoft Visual Studio Solution File, Format Version 12.00
# Visual Studio Version 17
VisualStudioVersion = 17.5.002.0
MinimumVisualStudioVersion = 10.0.40219.1
Project("{9A19103F-16F7-4668-BE54-9A1E7A4F7556}") = "AoC_2023_Tests", "AoC_2023_Tests\AoC_2023_Tests.csproj", "{239A2064-68B3-4BB6-B90E-EA8CE9BA0FBA}"
EndProject
Project("{9A19103F-16F7-4668-BE54-9A1E7A4F7556}") = "AoC_2023", "AoC_2023\AoC_2023.csproj", "{64B4FF21-ECDF-4C3A-A4FC-F28E1C871840}"
EndProject
Global
	GlobalSection(SolutionConfigurationPlatforms) = preSolution
		Debug|Any CPU = Debug|Any CPU
		Release|Any CPU = Release|Any CPU
	EndGlobalSection
	GlobalSection(ProjectConfigurationPlatforms) = postSolution
		{239A2064-68B3-4BB6-B90E-EA8CE9BA0FBA}.Debug|Any CPU.ActiveCfg = Debug|Any CPU
		{239A2064-68B3-4BB6-B90E-EA8CE9BA0FBA}.Debug|Any CPU.Build.0 = Debug|Any CPU
		{239A2064-68B3-4BB6-B90E-EA8CE9BA0FBA}.Release|Any CPU.ActiveCfg = Release|Any CPU
		{239A2064-68B3-4BB6-B90E-EA8CE9BA0FBA}.Release|Any CPU.Build.0 = Release|Any CPU
		{64B4FF21-ECDF-4C3A-A4FC-F28E1C871840}.Debug|Any CPU.ActiveCfg = Debug|Any CPU
		{64B4FF21-ECDF-4C3A-A4FC-F28E1C871840}.Debug|Any CPU.Build.0 = Debug|Any CPU
		{64B4FF21-ECDF-4C3A-A4FC-F28E1C871840}.Release|Any CPU.ActiveCfg = Release|Any CPU
		{64B4FF21-ECDF-4C3A-A4FC-F28E1C871840}.Release|Any CPU.Build.0 = Release|Any CPU
	EndGlobalSection
	GlobalSection(SolutionProperties) = preSolution
		HideSolutionNode = FALSE
	EndGlobalSection
	GlobalSection(ExtensibilityGlobals) = postSolution
		SolutionGuid = {6D4444DC-5C11-4B6F-97ED-22022F18F2BF}
	EndGlobalSection
EndGlobal
